// !$*UTF8*$!
{
	archiveVersion = 1;
	classes = {
	};
	objectVersion = 46;
	objects = {

/* Begin PBXBuildFile section */
		8033292C1CB79B990097F5A3 /* ItemCell.swift in Sources */ = {isa = PBXBuildFile; fileRef = 8033292B1CB79B990097F5A3 /* ItemCell.swift */; };
		804062C61CED42D1006D140D /* DetailViewController.swift in Sources */ = {isa = PBXBuildFile; fileRef = 804062C51CED42D1006D140D /* DetailViewController.swift */; };
		808D29F41CAE66B9001039B7 /* AppDelegate.swift in Sources */ = {isa = PBXBuildFile; fileRef = 808D29F31CAE66B9001039B7 /* AppDelegate.swift */; };
		808D29F91CAE66B9001039B7 /* Main.storyboard in Resources */ = {isa = PBXBuildFile; fileRef = 808D29F71CAE66B9001039B7 /* Main.storyboard */; };
		808D29FB1CAE66B9001039B7 /* Assets.xcassets in Resources */ = {isa = PBXBuildFile; fileRef = 808D29FA1CAE66B9001039B7 /* Assets.xcassets */; };
		808D29FE1CAE66B9001039B7 /* LaunchScreen.storyboard in Resources */ = {isa = PBXBuildFile; fileRef = 808D29FC1CAE66B9001039B7 /* LaunchScreen.storyboard */; };
		808D2A061CAE6AEC001039B7 /* ItemsViewController.swift in Sources */ = {isa = PBXBuildFile; fileRef = 808D2A051CAE6AEC001039B7 /* ItemsViewController.swift */; };
		808D2A081CAE6EF6001039B7 /* Item.swift in Sources */ = {isa = PBXBuildFile; fileRef = 808D2A071CAE6EF6001039B7 /* Item.swift */; };
		808D2A0A1CAE8C2B001039B7 /* ItemStore.swift in Sources */ = {isa = PBXBuildFile; fileRef = 808D2A091CAE8C2B001039B7 /* ItemStore.swift */; };
/* End PBXBuildFile section */

/* Begin PBXFileReference section */
		8033292B1CB79B990097F5A3 /* ItemCell.swift */ = {isa = PBXFileReference; fileEncoding = 4; lastKnownFileType = sourcecode.swift; path = ItemCell.swift; sourceTree = "<group>"; };
		804062C51CED42D1006D140D /* DetailViewController.swift */ = {isa = PBXFileReference; fileEncoding = 4; lastKnownFileType = sourcecode.swift; path = DetailViewController.swift; sourceTree = "<group>"; };
		808D29F01CAE66B9001039B7 /* Homepwner.app */ = {isa = PBXFileReference; explicitFileType = wrapper.application; includeInIndex = 0; path = Homepwner.app; sourceTree = BUILT_PRODUCTS_DIR; };
		808D29F31CAE66B9001039B7 /* AppDelegate.swift */ = {isa = PBXFileReference; lastKnownFileType = sourcecode.swift; path = AppDelegate.swift; sourceTree = "<group>"; };
		808D29F81CAE66B9001039B7 /* Base */ = {isa = PBXFileReference; lastKnownFileType = file.storyboard; name = Base; path = Base.lproj/Main.storyboard; sourceTree = "<group>"; };
		808D29FA1CAE66B9001039B7 /* Assets.xcassets */ = {isa = PBXFileReference; lastKnownFileType = folder.assetcatalog; path = Assets.xcassets; sourceTree = "<group>"; };
		808D29FD1CAE66B9001039B7 /* Base */ = {isa = PBXFileReference; lastKnownFileType = file.storyboard; name = Base; path = Base.lproj/LaunchScreen.storyboard; sourceTree = "<group>"; };
		808D29FF1CAE66B9001039B7 /* Info.plist */ = {isa = PBXFileReference; lastKnownFileType = text.plist.xml; path = Info.plist; sourceTree = "<group>"; };
		808D2A051CAE6AEC001039B7 /* ItemsViewController.swift */ = {isa = PBXFileReference; fileEncoding = 4; lastKnownFileType = sourcecode.swift; path = ItemsViewController.swift; sourceTree = "<group>"; };
		808D2A071CAE6EF6001039B7 /* Item.swift */ = {isa = PBXFileReference; fileEncoding = 4; lastKnownFileType = sourcecode.swift; path = Item.swift; sourceTree = "<group>"; };
		808D2A091CAE8C2B001039B7 /* ItemStore.swift */ = {isa = PBXFileReference; fileEncoding = 4; lastKnownFileType = sourcecode.swift; path = ItemStore.swift; sourceTree = "<group>"; };
/* End PBXFileReference section */

/* Begin PBXFrameworksBuildPhase section */
		808D29ED1CAE66B9001039B7 /* Frameworks */ = {
			isa = PBXFrameworksBuildPhase;
			buildActionMask = 2147483647;
			files = (
			);
			runOnlyForDeploymentPostprocessing = 0;
		};
/* End PBXFrameworksBuildPhase section */

/* Begin PBXGroup section */
		808D29E71CAE66B9001039B7 = {
			isa = PBXGroup;
			children = (
				808D29F21CAE66B9001039B7 /* Homepwner */,
				808D29F11CAE66B9001039B7 /* Products */,
			);
			sourceTree = "<group>";
		};
		808D29F11CAE66B9001039B7 /* Products */ = {
			isa = PBXGroup;
			children = (
				808D29F01CAE66B9001039B7 /* Homepwner.app */,
			);
			name = Products;
			sourceTree = "<group>";
		};
		808D29F21CAE66B9001039B7 /* Homepwner */ = {
			isa = PBXGroup;
			children = (
				808D29F31CAE66B9001039B7 /* AppDelegate.swift */,
				808D2A051CAE6AEC001039B7 /* ItemsViewController.swift */,
				8033292B1CB79B990097F5A3 /* ItemCell.swift */,
				808D29F71CAE66B9001039B7 /* Main.storyboard */,
				804062C51CED42D1006D140D /* DetailViewController.swift */,
				808D2A071CAE6EF6001039B7 /* Item.swift */,
				808D2A091CAE8C2B001039B7 /* ItemStore.swift */,
				808D29FA1CAE66B9001039B7 /* Assets.xcassets */,
				808D29FC1CAE66B9001039B7 /* LaunchScreen.storyboard */,
				808D29FF1CAE66B9001039B7 /* Info.plist */,
			);
			path = Homepwner;
			sourceTree = "<group>";
		};
/* End PBXGroup section */

/* Begin PBXNativeTarget section */
		808D29EF1CAE66B9001039B7 /* Homepwner */ = {
			isa = PBXNativeTarget;
			buildConfigurationList = 808D2A021CAE66B9001039B7 /* Build configuration list for PBXNativeTarget "Homepwner" */;
			buildPhases = (
				808D29EC1CAE66B9001039B7 /* Sources */,
				808D29ED1CAE66B9001039B7 /* Frameworks */,
				808D29EE1CAE66B9001039B7 /* Resources */,
			);
			buildRules = (
			);
			dependencies = (
			);
			name = Homepwner;
			productName = Homepwner;
			productReference = 808D29F01CAE66B9001039B7 /* Homepwner.app */;
			productType = "com.apple.product-type.application";
		};
/* End PBXNativeTarget section */

/* Begin PBXProject section */
		808D29E81CAE66B9001039B7 /* Project object */ = {
			isa = PBXProject;
			attributes = {
				LastSwiftUpdateCheck = 0730;
				LastUpgradeCheck = 0730;
				ORGANIZATIONNAME = "Nehar Arora";
				TargetAttributes = {
					808D29EF1CAE66B9001039B7 = {
						CreatedOnToolsVersion = 7.3;
						DevelopmentTeam = T94F854T47;
					};
				};
			};
			buildConfigurationList = 808D29EB1CAE66B9001039B7 /* Build configuration list for PBXProject "Homepwner" */;
			compatibilityVersion = "Xcode 3.2";
			developmentRegion = English;
			hasScannedForEncodings = 0;
			knownRegions = (
				en,
				Base,
			);
			mainGroup = 808D29E71CAE66B9001039B7;
			productRefGroup = 808D29F11CAE66B9001039B7 /* Products */;
			projectDirPath = "";
			projectRoot = "";
			targets = (
				808D29EF1CAE66B9001039B7 /* Homepwner */,
			);
		};
/* End PBXProject section */

/* Begin PBXResourcesBuildPhase section */
		808D29EE1CAE66B9001039B7 /* Resources */ = {
			isa = PBXResourcesBuildPhase;
			buildActionMask = 2147483647;
			files = (
				808D29FE1CAE66B9001039B7 /* LaunchScreen.storyboard in Resources */,
				808D29FB1CAE66B9001039B7 /* Assets.xcassets in Resources */,
				808D29F91CAE66B9001039B7 /* Main.storyboard in Resources */,
			);
			runOnlyForDeploymentPostprocessing = 0;
		};
/* End PBXResourcesBuildPhase section */

/* Begin PBXSourcesBuildPhase section */
		808D29EC1CAE66B9001039B7 /* Sources */ = {
			isa = PBXSourcesBuildPhase;
			buildActionMask = 2147483647;
			files = (
				808D2A061CAE6AEC001039B7 /* ItemsViewController.swift in Sources */,
				808D2A081CAE6EF6001039B7 /* Item.swift in Sources */,
				808D2A0A1CAE8C2B001039B7 /* ItemStore.swift in Sources */,
				804062C61CED42D1006D140D /* DetailViewController.swift in Sources */,
				808D29F41CAE66B9001039B7 /* AppDelegate.swift in Sources */,
				8033292C1CB79B990097F5A3 /* ItemCell.swift in Sources */,
			);
			runOnlyForDeploymentPostprocessing = 0;
		};
/* End PBXSourcesBuildPhase section */

/* Begin PBXVariantGroup section */
		808D29F71CAE66B9001039B7 /* Main.storyboard */ = {
			isa = PBXVariantGroup;
			children = (
				808D29F81CAE66B9001039B7 /* Base */,
			);
			name = Main.storyboard;
			sourceTree = "<group>";
		};
		808D29FC1CAE66B9001039B7 /* LaunchScreen.storyboard */ = {
			isa = PBXVariantGroup;
			children = (
				808D29FD1CAE66B9001039B7 /* Base */,
			);
			name = LaunchScreen.storyboard;
			sourceTree = "<group>";
		};
/* End PBXVariantGroup section */

/* Begin XCBuildConfiguration section */
		808D2A001CAE66B9001039B7 /* Debug */ = {
			isa = XCBuildConfiguration;
			buildSettings = {
				ALWAYS_SEARCH_USER_PATHS = NO;
				CLANG_ANALYZER_NONNULL = YES;
				CLANG_CXX_LANGUAGE_STANDARD = "gnu++0x";
				CLANG_CXX_LIBRARY = "libc++";
				CLANG_ENABLE_MODULES = YES;
				CLANG_ENABLE_OBJC_ARC = YES;
				CLANG_WARN_BOOL_CONVERSION = YES;
				CLANG_WARN_CONSTANT_CONVERSION = YES;
				CLANG_WARN_DIRECT_OBJC_ISA_USAGE = YES_ERROR;
				CLANG_WARN_EMPTY_BODY = YES;
				CLANG_WARN_ENUM_CONVERSION = YES;
				CLANG_WARN_INT_CONVERSION = YES;
				CLANG_WARN_OBJC_ROOT_CLASS = YES_ERROR;
				CLANG_WARN_UNREACHABLE_CODE = YES;
				CLANG_WARN__DUPLICATE_METHOD_MATCH = YES;
				"CODE_SIGN_IDENTITY[sdk=iphoneos*]" = "iPhone Developer";
				COPY_PHASE_STRIP = NO;
				DEBUG_INFORMATION_FORMAT = dwarf;
				ENABLE_STRICT_OBJC_MSGSEND = YES;
				ENABLE_TESTABILITY = YES;
				GCC_C_LANGUAGE_STANDARD = gnu99;
				GCC_DYNAMIC_NO_PIC = NO;
				GCC_NO_COMMON_BLOCKS = YES;
				GCC_OPTIMIZATION_LEVEL = 0;
				GCC_PREPROCESSOR_DEFINITIONS = (
					"DEBUG=1",
					"$(inherited)",
				);
				GCC_WARN_64_TO_32_BIT_CONVERSION = YES;
				GCC_WARN_ABOUT_RETURN_TYPE = YES_ERROR;
				GCC_WARN_UNDECLARED_SELECTOR = YES;
				GCC_WARN_UNINITIALIZED_AUTOS = YES_AGGRESSIVE;
				GCC_WARN_UNUSED_FUNCTION = YES;
				GCC_WARN_UNUSED_VARIABLE = YES;
				IPHONEOS_DEPLOYMENT_TARGET = 9.3;
				MTL_ENABLE_DEBUG_INFO = YES;
				ONLY_ACTIVE_ARCH = YES;
				SDKROOT = iphoneos;
				SWIFT_OPTIMIZATION_LEVEL = "-Onone";
			};
			name = Debug;
		};
		808D2A011CAE66B9001039B7 /* Release */ = {
			isa = XCBuildConfiguration;
			buildSettings = {
				ALWAYS_SEARCH_USER_PATHS = NO;
				CLANG_ANALYZER_NONNULL = YES;
				CLANG_CXX_LANGUAGE_STANDARD = "gnu++0x";
				CLANG_CXX_LIBRARY = "libc++";
				CLANG_ENABLE_MODULES = YES;
				CLANG_ENABLE_OBJC_ARC = YES;
				CLANG_WARN_BOOL_CONVERSION = YES;
				CLANG_WARN_CONSTANT_CONVERSION = YES;
				CLANG_WARN_DIRECT_OBJC_ISA_USAGE = YES_ERROR;
				CLANG_WARN_EMPTY_BODY = YES;
				CLANG_WARN_ENUM_CONVERSION = YES;
				CLANG_WARN_INT_CONVERSION = YES;
				CLANG_WARN_OBJC_ROOT_CLASS = YES_ERROR;
				CLANG_WARN_UNREACHABLE_CODE = YES;
				CLANG_WARN__DUPLICATE_METHOD_MATCH = YES;
				"CODE_SIGN_IDENTITY[sdk=iphoneos*]" = "iPhone Developer";
				COPY_PHASE_STRIP = NO;
				DEBUG_INFORMATION_FORMAT = "dwarf-with-dsym";
				ENABLE_NS_ASSERTIONS = NO;
				ENABLE_STRICT_OBJC_MSGSEND = YES;
				GCC_C_LANGUAGE_STANDARD = gnu99;
				GCC_NO_COMMON_BLOCKS = YES;
				GCC_WARN_64_TO_32_BIT_CONVERSION = YES;
				GCC_WARN_ABOUT_RETURN_TYPE = YES_ERROR;
				GCC_WARN_UNDECLARED_SELECTOR = YES;
				GCC_WARN_UNINITIALIZED_AUTOS = YES_AGGRESSIVE;
				GCC_WARN_UNUSED_FUNCTION = YES;
				GCC_WARN_UNUSED_VARIABLE = YES;
				IPHONEOS_DEPLOYMENT_TARGET = 9.3;
				MTL_ENABLE_DEBUG_INFO = NO;
				SDKROOT = iphoneos;
				VALIDATE_PRODUCT = YES;
			};
			name = Release;
		};
		808D2A031CAE66B9001039B7 /* Debug */ = {
			isa = XCBuildConfiguration;
			buildSettings = {
				ASSETCATALOG_COMPILER_APPICON_NAME = AppIcon;
				CODE_SIGN_IDENTITY = "iPhone Developer";
				"CODE_SIGN_IDENTITY[sdk=iphoneos*]" = "iPhone Developer";
				INFOPLIST_FILE = Homepwner/Info.plist;
				LD_RUNPATH_SEARCH_PATHS = "$(inherited) @executable_path/Frameworks";
				PRODUCT_BUNDLE_IDENTIFIER = com.nehar.Homepwner;
				PRODUCT_NAME = "$(TARGET_NAME)";
				PROVISIONING_PROFILE = "";
			};
			name = Debug;
		};
		808D2A041CAE66B9001039B7 /* Release */ = {
			isa = XCBuildConfiguration;
			buildSettings = {
				ASSETCATALOG_COMPILER_APPICON_NAME = AppIcon;
				CODE_SIGN_IDENTITY = "iPhone Developer";
				"CODE_SIGN_IDENTITY[sdk=iphoneos*]" = "iPhone Developer";
				INFOPLIST_FILE = Homepwner/Info.plist;
				LD_RUNPATH_SEARCH_PATHS = "$(inherited) @executable_path/Frameworks";
				PRODUCT_BUNDLE_IDENTIFIER = com.nehar.Homepwner;
				PRODUCT_NAME = "$(TARGET_NAME)";
				PROVISIONING_PROFILE = "";
			};
			name = Release;
		};
/* End XCBuildConfiguration section */

/* Begin XCConfigurationList section */
		808D29EB1CAE66B9001039B7 /* Build configuration list for PBXProject "Homepwner" */ = {
			isa = XCConfigurationList;
			buildConfigurations = (
				808D2A001CAE66B9001039B7 /* Debug */,
				808D2A011CAE66B9001039B7 /* Release */,
			);
			defaultConfigurationIsVisible = 0;
			defaultConfigurationName = Release;
		};
		808D2A021CAE66B9001039B7 /* Build configuration list for PBXNativeTarget "Homepwner" */ = {
			isa = XCConfigurationList;
			buildConfigurations = (
				808D2A031CAE66B9001039B7 /* Debug */,
				808D2A041CAE66B9001039B7 /* Release */,
			);
			defaultConfigurationIsVisible = 0;
			defaultConfigurationName = Release;
		};
/* End XCConfigurationList section */
	};
	rootObject = 808D29E81CAE66B9001039B7 /* Project object */;
}
