// !$*UTF8*$!
{
	archiveVersion = 1;
	classes = {
	};
	objectVersion = 46;
	objects = {

/* Begin PBXBuildFile section */
		803591331C96E99800238D19 /* AppDelegate.swift in Sources */ = {isa = PBXBuildFile; fileRef = 803591321C96E99800238D19 /* AppDelegate.swift */; };
		803591381C96E99800238D19 /* Main.storyboard in Resources */ = {isa = PBXBuildFile; fileRef = 803591361C96E99800238D19 /* Main.storyboard */; };
		8035913A1C96E99800238D19 /* Assets.xcassets in Resources */ = {isa = PBXBuildFile; fileRef = 803591391C96E99800238D19 /* Assets.xcassets */; };
		8035913D1C96E99800238D19 /* LaunchScreen.storyboard in Resources */ = {isa = PBXBuildFile; fileRef = 8035913B1C96E99800238D19 /* LaunchScreen.storyboard */; };
		8054EC4F1C979DCB003E7C33 /* ConversionViewController.swift in Sources */ = {isa = PBXBuildFile; fileRef = 8054EC4E1C979DCB003E7C33 /* ConversionViewController.swift */; };
		808B494C1C98EC4A00917862 /* WebViewController.swift in Sources */ = {isa = PBXBuildFile; fileRef = 808B494B1C98EC4A00917862 /* WebViewController.swift */; };
		808B494E1C9B957300917862 /* CoreLocation.framework in Frameworks */ = {isa = PBXBuildFile; fileRef = 808B494D1C9B957300917862 /* CoreLocation.framework */; };
		808B49541C9DD61B00917862 /* Localizable.strings in Resources */ = {isa = PBXBuildFile; fileRef = 808B49561C9DD61B00917862 /* Localizable.strings */; };
		80BE38BC1C98307300DC3104 /* MapKit.framework in Frameworks */ = {isa = PBXBuildFile; fileRef = 80BE38BB1C98307300DC3104 /* MapKit.framework */; };
		80BE38BE1C98343D00DC3104 /* MapViewController.swift in Sources */ = {isa = PBXBuildFile; fileRef = 80BE38BD1C98343D00DC3104 /* MapViewController.swift */; };
/* End PBXBuildFile section */

/* Begin PBXFileReference section */
		8035912F1C96E99800238D19 /* WorldTrotter.app */ = {isa = PBXFileReference; explicitFileType = wrapper.application; includeInIndex = 0; path = WorldTrotter.app; sourceTree = BUILT_PRODUCTS_DIR; };
		803591321C96E99800238D19 /* AppDelegate.swift */ = {isa = PBXFileReference; lastKnownFileType = sourcecode.swift; path = AppDelegate.swift; sourceTree = "<group>"; };
		803591371C96E99800238D19 /* Base */ = {isa = PBXFileReference; lastKnownFileType = file.storyboard; name = Base; path = Base.lproj/Main.storyboard; sourceTree = "<group>"; };
		803591391C96E99800238D19 /* Assets.xcassets */ = {isa = PBXFileReference; lastKnownFileType = folder.assetcatalog; path = Assets.xcassets; sourceTree = "<group>"; };
		8035913C1C96E99800238D19 /* Base */ = {isa = PBXFileReference; lastKnownFileType = file.storyboard; name = Base; path = Base.lproj/LaunchScreen.storyboard; sourceTree = "<group>"; };
		8035913E1C96E99800238D19 /* Info.plist */ = {isa = PBXFileReference; lastKnownFileType = text.plist.xml; path = Info.plist; sourceTree = "<group>"; };
		8054EC4E1C979DCB003E7C33 /* ConversionViewController.swift */ = {isa = PBXFileReference; fileEncoding = 4; lastKnownFileType = sourcecode.swift; name = ConversionViewController.swift; path = ../ConversionViewController.swift; sourceTree = "<group>"; };
		808B494B1C98EC4A00917862 /* WebViewController.swift */ = {isa = PBXFileReference; fileEncoding = 4; lastKnownFileType = sourcecode.swift; path = WebViewController.swift; sourceTree = "<group>"; };
		808B494D1C9B957300917862 /* CoreLocation.framework */ = {isa = PBXFileReference; lastKnownFileType = wrapper.framework; name = CoreLocation.framework; path = System/Library/Frameworks/CoreLocation.framework; sourceTree = SDKROOT; };
		808B49501C9DCC5000917862 /* en */ = {isa = PBXFileReference; lastKnownFileType = text.plist.strings; name = en; path = en.lproj/Main.strings; sourceTree = "<group>"; };
		808B49511C9DCCE100917862 /* es */ = {isa = PBXFileReference; lastKnownFileType = text.plist.strings; name = es; path = es.lproj/Main.strings; sourceTree = "<group>"; };
		808B49551C9DD61B00917862 /* Base */ = {isa = PBXFileReference; lastKnownFileType = text.plist.strings; name = Base; path = Base.lproj/Localizable.strings; sourceTree = "<group>"; };
		808B49571C9DD62000917862 /* en */ = {isa = PBXFileReference; lastKnownFileType = text.plist.strings; name = en; path = en.lproj/Localizable.strings; sourceTree = "<group>"; };
		808B49581C9DD62100917862 /* es */ = {isa = PBXFileReference; lastKnownFileType = text.plist.strings; name = es; path = es.lproj/Localizable.strings; sourceTree = "<group>"; };
		808B49591C9DE8DC00917862 /* hi-IN */ = {isa = PBXFileReference; lastKnownFileType = text.plist.strings; name = "hi-IN"; path = "hi-IN.lproj/Main.strings"; sourceTree = "<group>"; };
		808B495A1C9DE8DC00917862 /* hi-IN */ = {isa = PBXFileReference; lastKnownFileType = text.plist.strings; name = "hi-IN"; path = "hi-IN.lproj/Localizable.strings"; sourceTree = "<group>"; };
		80BE38BB1C98307300DC3104 /* MapKit.framework */ = {isa = PBXFileReference; lastKnownFileType = wrapper.framework; name = MapKit.framework; path = System/Library/Frameworks/MapKit.framework; sourceTree = SDKROOT; };
		80BE38BD1C98343D00DC3104 /* MapViewController.swift */ = {isa = PBXFileReference; fileEncoding = 4; lastKnownFileType = sourcecode.swift; path = MapViewController.swift; sourceTree = "<group>"; };
/* End PBXFileReference section */

/* Begin PBXFrameworksBuildPhase section */
		8035912C1C96E99800238D19 /* Frameworks */ = {
			isa = PBXFrameworksBuildPhase;
			buildActionMask = 2147483647;
			files = (
				808B494E1C9B957300917862 /* CoreLocation.framework in Frameworks */,
				80BE38BC1C98307300DC3104 /* MapKit.framework in Frameworks */,
			);
			runOnlyForDeploymentPostprocessing = 0;
		};
/* End PBXFrameworksBuildPhase section */

/* Begin PBXGroup section */
		803591261C96E99800238D19 = {
			isa = PBXGroup;
			children = (
				808B494D1C9B957300917862 /* CoreLocation.framework */,
				80BE38BB1C98307300DC3104 /* MapKit.framework */,
				803591311C96E99800238D19 /* WorldTrotter */,
				803591301C96E99800238D19 /* Products */,
			);
			sourceTree = "<group>";
		};
		803591301C96E99800238D19 /* Products */ = {
			isa = PBXGroup;
			children = (
				8035912F1C96E99800238D19 /* WorldTrotter.app */,
			);
			name = Products;
			sourceTree = "<group>";
		};
		803591311C96E99800238D19 /* WorldTrotter */ = {
			isa = PBXGroup;
			children = (
				8054EC4E1C979DCB003E7C33 /* ConversionViewController.swift */,
				803591321C96E99800238D19 /* AppDelegate.swift */,
				803591361C96E99800238D19 /* Main.storyboard */,
				80BE38BD1C98343D00DC3104 /* MapViewController.swift */,
				808B49561C9DD61B00917862 /* Localizable.strings */,
				808B494B1C98EC4A00917862 /* WebViewController.swift */,
				803591391C96E99800238D19 /* Assets.xcassets */,
				8035913B1C96E99800238D19 /* LaunchScreen.storyboard */,
				8035913E1C96E99800238D19 /* Info.plist */,
			);
			path = WorldTrotter;
			sourceTree = "<group>";
		};
/* End PBXGroup section */

/* Begin PBXNativeTarget section */
		8035912E1C96E99800238D19 /* WorldTrotter */ = {
			isa = PBXNativeTarget;
			buildConfigurationList = 803591411C96E99800238D19 /* Build configuration list for PBXNativeTarget "WorldTrotter" */;
			buildPhases = (
				8035912B1C96E99800238D19 /* Sources */,
				8035912C1C96E99800238D19 /* Frameworks */,
				8035912D1C96E99800238D19 /* Resources */,
			);
			buildRules = (
			);
			dependencies = (
			);
			name = WorldTrotter;
			productName = WorldTrotter;
			productReference = 8035912F1C96E99800238D19 /* WorldTrotter.app */;
			productType = "com.apple.product-type.application";
		};
/* End PBXNativeTarget section */

/* Begin PBXProject section */
		803591271C96E99800238D19 /* Project object */ = {
			isa = PBXProject;
			attributes = {
				LastSwiftUpdateCheck = 0720;
				LastUpgradeCheck = 0720;
				ORGANIZATIONNAME = "Nehar Arora";
				TargetAttributes = {
					8035912E1C96E99800238D19 = {
						CreatedOnToolsVersion = 7.2.1;
						DevelopmentTeam = T94F854T47;
					};
				};
			};
			buildConfigurationList = 8035912A1C96E99800238D19 /* Build configuration list for PBXProject "WorldTrotter" */;
			compatibilityVersion = "Xcode 3.2";
			developmentRegion = English;
			hasScannedForEncodings = 0;
			knownRegions = (
				en,
				Base,
				es,
				"hi-IN",
			);
			mainGroup = 803591261C96E99800238D19;
			productRefGroup = 803591301C96E99800238D19 /* Products */;
			projectDirPath = "";
			projectRoot = "";
			targets = (
				8035912E1C96E99800238D19 /* WorldTrotter */,
			);
		};
/* End PBXProject section */

/* Begin PBXResourcesBuildPhase section */
		8035912D1C96E99800238D19 /* Resources */ = {
			isa = PBXResourcesBuildPhase;
			buildActionMask = 2147483647;
			files = (
				8035913D1C96E99800238D19 /* LaunchScreen.storyboard in Resources */,
				808B49541C9DD61B00917862 /* Localizable.strings in Resources */,
				8035913A1C96E99800238D19 /* Assets.xcassets in Resources */,
				803591381C96E99800238D19 /* Main.storyboard in Resources */,
			);
			runOnlyForDeploymentPostprocessing = 0;
		};
/* End PBXResourcesBuildPhase section */

/* Begin PBXSourcesBuildPhase section */
		8035912B1C96E99800238D19 /* Sources */ = {
			isa = PBXSourcesBuildPhase;
			buildActionMask = 2147483647;
			files = (
				8054EC4F1C979DCB003E7C33 /* ConversionViewController.swift in Sources */,
				80BE38BE1C98343D00DC3104 /* MapViewController.swift in Sources */,
				803591331C96E99800238D19 /* AppDelegate.swift in Sources */,
				808B494C1C98EC4A00917862 /* WebViewController.swift in Sources */,
			);
			runOnlyForDeploymentPostprocessing = 0;
		};
/* End PBXSourcesBuildPhase section */

/* Begin PBXVariantGroup section */
		803591361C96E99800238D19 /* Main.storyboard */ = {
			isa = PBXVariantGroup;
			children = (
				803591371C96E99800238D19 /* Base */,
				808B49501C9DCC5000917862 /* en */,
				808B49511C9DCCE100917862 /* es */,
				808B49591C9DE8DC00917862 /* hi-IN */,
			);
			name = Main.storyboard;
			sourceTree = "<group>";
		};
		8035913B1C96E99800238D19 /* LaunchScreen.storyboard */ = {
			isa = PBXVariantGroup;
			children = (
				8035913C1C96E99800238D19 /* Base */,
			);
			name = LaunchScreen.storyboard;
			sourceTree = "<group>";
		};
		808B49561C9DD61B00917862 /* Localizable.strings */ = {
			isa = PBXVariantGroup;
			children = (
				808B49551C9DD61B00917862 /* Base */,
				808B49571C9DD62000917862 /* en */,
				808B49581C9DD62100917862 /* es */,
				808B495A1C9DE8DC00917862 /* hi-IN */,
			);
			name = Localizable.strings;
			sourceTree = "<group>";
		};
/* End PBXVariantGroup section */

/* Begin XCBuildConfiguration section */
		8035913F1C96E99800238D19 /* Debug */ = {
			isa = XCBuildConfiguration;
			buildSettings = {
				ALWAYS_SEARCH_USER_PATHS = NO;
				CLANG_CXX_LANGUAGE_STANDARD = "gnu++0x";
				CLANG_CXX_LIBRARY = "libc++";
				CLANG_ENABLE_MODULES = YES;
				CLANG_ENABLE_OBJC_ARC = YES;
				CLANG_WARN_BOOL_CONVERSION = YES;
				CLANG_WARN_CONSTANT_CONVERSION = YES;
				CLANG_WARN_DIRECT_OBJC_ISA_USAGE = YES_ERROR;
				CLANG_WARN_EMPTY_BODY = YES;
				CLANG_WARN_ENUM_CONVERSION = YES;
				CLANG_WARN_INT_CONVERSION = YES;
				CLANG_WARN_OBJC_ROOT_CLASS = YES_ERROR;
				CLANG_WARN_UNREACHABLE_CODE = YES;
				CLANG_WARN__DUPLICATE_METHOD_MATCH = YES;
				"CODE_SIGN_IDENTITY[sdk=iphoneos*]" = "iPhone Developer";
				COPY_PHASE_STRIP = NO;
				DEBUG_INFORMATION_FORMAT = dwarf;
				ENABLE_STRICT_OBJC_MSGSEND = YES;
				ENABLE_TESTABILITY = YES;
				GCC_C_LANGUAGE_STANDARD = gnu99;
				GCC_DYNAMIC_NO_PIC = NO;
				GCC_NO_COMMON_BLOCKS = YES;
				GCC_OPTIMIZATION_LEVEL = 0;
				GCC_PREPROCESSOR_DEFINITIONS = (
					"DEBUG=1",
					"$(inherited)",
				);
				GCC_WARN_64_TO_32_BIT_CONVERSION = YES;
				GCC_WARN_ABOUT_RETURN_TYPE = YES_ERROR;
				GCC_WARN_UNDECLARED_SELECTOR = YES;
				GCC_WARN_UNINITIALIZED_AUTOS = YES_AGGRESSIVE;
				GCC_WARN_UNUSED_FUNCTION = YES;
				GCC_WARN_UNUSED_VARIABLE = YES;
				IPHONEOS_DEPLOYMENT_TARGET = 9.2;
				MTL_ENABLE_DEBUG_INFO = YES;
				ONLY_ACTIVE_ARCH = YES;
				SDKROOT = iphoneos;
				SWIFT_OPTIMIZATION_LEVEL = "-Onone";
			};
			name = Debug;
		};
		803591401C96E99800238D19 /* Release */ = {
			isa = XCBuildConfiguration;
			buildSettings = {
				ALWAYS_SEARCH_USER_PATHS = NO;
				CLANG_CXX_LANGUAGE_STANDARD = "gnu++0x";
				CLANG_CXX_LIBRARY = "libc++";
				CLANG_ENABLE_MODULES = YES;
				CLANG_ENABLE_OBJC_ARC = YES;
				CLANG_WARN_BOOL_CONVERSION = YES;
				CLANG_WARN_CONSTANT_CONVERSION = YES;
				CLANG_WARN_DIRECT_OBJC_ISA_USAGE = YES_ERROR;
				CLANG_WARN_EMPTY_BODY = YES;
				CLANG_WARN_ENUM_CONVERSION = YES;
				CLANG_WARN_INT_CONVERSION = YES;
				CLANG_WARN_OBJC_ROOT_CLASS = YES_ERROR;
				CLANG_WARN_UNREACHABLE_CODE = YES;
				CLANG_WARN__DUPLICATE_METHOD_MATCH = YES;
				"CODE_SIGN_IDENTITY[sdk=iphoneos*]" = "iPhone Developer";
				COPY_PHASE_STRIP = NO;
				DEBUG_INFORMATION_FORMAT = "dwarf-with-dsym";
				ENABLE_NS_ASSERTIONS = NO;
				ENABLE_STRICT_OBJC_MSGSEND = YES;
				GCC_C_LANGUAGE_STANDARD = gnu99;
				GCC_NO_COMMON_BLOCKS = YES;
				GCC_WARN_64_TO_32_BIT_CONVERSION = YES;
				GCC_WARN_ABOUT_RETURN_TYPE = YES_ERROR;
				GCC_WARN_UNDECLARED_SELECTOR = YES;
				GCC_WARN_UNINITIALIZED_AUTOS = YES_AGGRESSIVE;
				GCC_WARN_UNUSED_FUNCTION = YES;
				GCC_WARN_UNUSED_VARIABLE = YES;
				IPHONEOS_DEPLOYMENT_TARGET = 9.2;
				MTL_ENABLE_DEBUG_INFO = NO;
				SDKROOT = iphoneos;
				VALIDATE_PRODUCT = YES;
			};
			name = Release;
		};
		803591421C96E99800238D19 /* Debug */ = {
			isa = XCBuildConfiguration;
			buildSettings = {
				ASSETCATALOG_COMPILER_APPICON_NAME = AppIcon;
				CODE_SIGN_IDENTITY = "iPhone Developer";
				INFOPLIST_FILE = WorldTrotter/Info.plist;
				LD_RUNPATH_SEARCH_PATHS = "$(inherited) @executable_path/Frameworks";
				PRODUCT_BUNDLE_IDENTIFIER = com.nehar.WorldTrotter;
				PRODUCT_NAME = "$(TARGET_NAME)";
				TARGETED_DEVICE_FAMILY = "1,2";
			};
			name = Debug;
		};
		803591431C96E99800238D19 /* Release */ = {
			isa = XCBuildConfiguration;
			buildSettings = {
				ASSETCATALOG_COMPILER_APPICON_NAME = AppIcon;
				CODE_SIGN_IDENTITY = "iPhone Developer";
				INFOPLIST_FILE = WorldTrotter/Info.plist;
				LD_RUNPATH_SEARCH_PATHS = "$(inherited) @executable_path/Frameworks";
				PRODUCT_BUNDLE_IDENTIFIER = com.nehar.WorldTrotter;
				PRODUCT_NAME = "$(TARGET_NAME)";
				TARGETED_DEVICE_FAMILY = "1,2";
			};
			name = Release;
		};
/* End XCBuildConfiguration section */

/* Begin XCConfigurationList section */
		8035912A1C96E99800238D19 /* Build configuration list for PBXProject "WorldTrotter" */ = {
			isa = XCConfigurationList;
			buildConfigurations = (
				8035913F1C96E99800238D19 /* Debug */,
				803591401C96E99800238D19 /* Release */,
			);
			defaultConfigurationIsVisible = 0;
			defaultConfigurationName = Release;
		};
		803591411C96E99800238D19 /* Build configuration list for PBXNativeTarget "WorldTrotter" */ = {
			isa = XCConfigurationList;
			buildConfigurations = (
				803591421C96E99800238D19 /* Debug */,
				803591431C96E99800238D19 /* Release */,
			);
			defaultConfigurationIsVisible = 0;
			defaultConfigurationName = Release;
		};
/* End XCConfigurationList section */
	};
	rootObject = 803591271C96E99800238D19 /* Project object */;
}
